// !$*UTF8*$!
{
	archiveVersion = 1;
	classes = {
	};
	objectVersion = 50;
	objects = {

/* Begin PBXBuildFile section */
		DE71C64F238AF73900AA22A9 /* AppDelegate.swift in Sources */ = {isa = PBXBuildFile; fileRef = DE71C64E238AF73900AA22A9 /* AppDelegate.swift */; };
		DE71C651238AF73900AA22A9 /* SceneDelegate.swift in Sources */ = {isa = PBXBuildFile; fileRef = DE71C650238AF73900AA22A9 /* SceneDelegate.swift */; };
		DE71C653238AF73900AA22A9 /* ViewController.swift in Sources */ = {isa = PBXBuildFile; fileRef = DE71C652238AF73900AA22A9 /* ViewController.swift */; };
		DE71C656238AF73900AA22A9 /* Main.storyboard in Resources */ = {isa = PBXBuildFile; fileRef = DE71C654238AF73900AA22A9 /* Main.storyboard */; };
		DE71C658238AF73A00AA22A9 /* Assets.xcassets in Resources */ = {isa = PBXBuildFile; fileRef = DE71C657238AF73A00AA22A9 /* Assets.xcassets */; };
		DE71C65B238AF73A00AA22A9 /* LaunchScreen.storyboard in Resources */ = {isa = PBXBuildFile; fileRef = DE71C659238AF73A00AA22A9 /* LaunchScreen.storyboard */; };
/* End PBXBuildFile section */

/* Begin PBXFileReference section */
		DE71C64B238AF73900AA22A9 /* pickerView_EXAMPLE.app */ = {isa = PBXFileReference; explicitFileType = wrapper.application; includeInIndex = 0; path = pickerView_EXAMPLE.app; sourceTree = BUILT_PRODUCTS_DIR; };
		DE71C64E238AF73900AA22A9 /* AppDelegate.swift */ = {isa = PBXFileReference; lastKnownFileType = sourcecode.swift; path = AppDelegate.swift; sourceTree = "<group>"; };
		DE71C650238AF73900AA22A9 /* SceneDelegate.swift */ = {isa = PBXFileReference; lastKnownFileType = sourcecode.swift; path = SceneDelegate.swift; sourceTree = "<group>"; };
		DE71C652238AF73900AA22A9 /* ViewController.swift */ = {isa = PBXFileReference; lastKnownFileType = sourcecode.swift; path = ViewController.swift; sourceTree = "<group>"; };
		DE71C655238AF73900AA22A9 /* Base */ = {isa = PBXFileReference; lastKnownFileType = file.storyboard; name = Base; path = Base.lproj/Main.storyboard; sourceTree = "<group>"; };
		DE71C657238AF73A00AA22A9 /* Assets.xcassets */ = {isa = PBXFileReference; lastKnownFileType = folder.assetcatalog; path = Assets.xcassets; sourceTree = "<group>"; };
		DE71C65A238AF73A00AA22A9 /* Base */ = {isa = PBXFileReference; lastKnownFileType = file.storyboard; name = Base; path = Base.lproj/LaunchScreen.storyboard; sourceTree = "<group>"; };
		DE71C65C238AF73A00AA22A9 /* Info.plist */ = {isa = PBXFileReference; lastKnownFileType = text.plist.xml; path = Info.plist; sourceTree = "<group>"; };
/* End PBXFileReference section */

/* Begin PBXFrameworksBuildPhase section */
		DE71C648238AF73900AA22A9 /* Frameworks */ = {
			isa = PBXFrameworksBuildPhase;
			buildActionMask = 2147483647;
			files = (
			);
			runOnlyForDeploymentPostprocessing = 0;
		};
/* End PBXFrameworksBuildPhase section */

/* Begin PBXGroup section */
		DE71C642238AF73900AA22A9 = {
			isa = PBXGroup;
			children = (
				DE71C64D238AF73900AA22A9 /* pickerView_EXAMPLE */,
				DE71C64C238AF73900AA22A9 /* Products */,
			);
			sourceTree = "<group>";
		};
		DE71C64C238AF73900AA22A9 /* Products */ = {
			isa = PBXGroup;
			children = (
				DE71C64B238AF73900AA22A9 /* pickerView_EXAMPLE.app */,
			);
			name = Products;
			sourceTree = "<group>";
		};
		DE71C64D238AF73900AA22A9 /* pickerView_EXAMPLE */ = {
			isa = PBXGroup;
			children = (
				DE71C64E238AF73900AA22A9 /* AppDelegate.swift */,
				DE71C650238AF73900AA22A9 /* SceneDelegate.swift */,
				DE71C652238AF73900AA22A9 /* ViewController.swift */,
				DE71C654238AF73900AA22A9 /* Main.storyboard */,
				DE71C657238AF73A00AA22A9 /* Assets.xcassets */,
				DE71C659238AF73A00AA22A9 /* LaunchScreen.storyboard */,
				DE71C65C238AF73A00AA22A9 /* Info.plist */,
			);
			path = pickerView_EXAMPLE;
			sourceTree = "<group>";
		};
/* End PBXGroup section */

/* Begin PBXNativeTarget section */
		DE71C64A238AF73900AA22A9 /* pickerView_EXAMPLE */ = {
			isa = PBXNativeTarget;
			buildConfigurationList = DE71C65F238AF73A00AA22A9 /* Build configuration list for PBXNativeTarget "pickerView_EXAMPLE" */;
			buildPhases = (
				DE71C647238AF73900AA22A9 /* Sources */,
				DE71C648238AF73900AA22A9 /* Frameworks */,
				DE71C649238AF73900AA22A9 /* Resources */,
			);
			buildRules = (
			);
			dependencies = (
			);
			name = pickerView_EXAMPLE;
			productName = pickerView_EXAMPLE;
			productReference = DE71C64B238AF73900AA22A9 /* pickerView_EXAMPLE.app */;
			productType = "com.apple.product-type.application";
		};
/* End PBXNativeTarget section */

/* Begin PBXProject section */
		DE71C643238AF73900AA22A9 /* Project object */ = {
			isa = PBXProject;
			attributes = {
				LastSwiftUpdateCheck = 1120;
				LastUpgradeCheck = 1120;
				ORGANIZATIONNAME = "Grigorij Verba";
				TargetAttributes = {
					DE71C64A238AF73900AA22A9 = {
						CreatedOnToolsVersion = 11.2.1;
					};
				};
			};
			buildConfigurationList = DE71C646238AF73900AA22A9 /* Build configuration list for PBXProject "pickerView_EXAMPLE" */;
			compatibilityVersion = "Xcode 9.3";
			developmentRegion = en;
			hasScannedForEncodings = 0;
			knownRegions = (
				en,
				Base,
			);
			mainGroup = DE71C642238AF73900AA22A9;
			productRefGroup = DE71C64C238AF73900AA22A9 /* Products */;
			projectDirPath = "";
			projectRoot = "";
			targets = (
				DE71C64A238AF73900AA22A9 /* pickerView_EXAMPLE */,
			);
		};
/* End PBXProject section */

/* Begin PBXResourcesBuildPhase section */
		DE71C649238AF73900AA22A9 /* Resources */ = {
			isa = PBXResourcesBuildPhase;
			buildActionMask = 2147483647;
			files = (
				DE71C65B238AF73A00AA22A9 /* LaunchScreen.storyboard in Resources */,
				DE71C658238AF73A00AA22A9 /* Assets.xcassets in Resources */,
				DE71C656238AF73900AA22A9 /* Main.storyboard in Resources */,
			);
			runOnlyForDeploymentPostprocessing = 0;
		};
/* End PBXResourcesBuildPhase section */

/* Begin PBXSourcesBuildPhase section */
		DE71C647238AF73900AA22A9 /* Sources */ = {
			isa = PBXSourcesBuildPhase;
			buildActionMask = 2147483647;
			files = (
				DE71C653238AF73900AA22A9 /* ViewController.swift in Sources */,
				DE71C64F238AF73900AA22A9 /* AppDelegate.swift in Sources */,
				DE71C651238AF73900AA22A9 /* SceneDelegate.swift in Sources */,
			);
			runOnlyForDeploymentPostprocessing = 0;
		};
/* End PBXSourcesBuildPhase section */

/* Begin PBXVariantGroup section */
		DE71C654238AF73900AA22A9 /* Main.storyboard */ = {
			isa = PBXVariantGroup;
			children = (
				DE71C655238AF73900AA22A9 /* Base */,
			);
			name = Main.storyboard;
			sourceTree = "<group>";
		};
		DE71C659238AF73A00AA22A9 /* LaunchScreen.storyboard */ = {
			isa = PBXVariantGroup;
			children = (
				DE71C65A238AF73A00AA22A9 /* Base */,
			);
			name = LaunchScreen.storyboard;
			sourceTree = "<group>";
		};
/* End PBXVariantGroup section */

/* Begin XCBuildConfiguration section */
		DE71C65D238AF73A00AA22A9 /* Debug */ = {
			isa = XCBuildConfiguration;
			buildSettings = {
				ALWAYS_SEARCH_USER_PATHS = NO;
				CLANG_ANALYZER_NONNULL = YES;
				CLANG_ANALYZER_NUMBER_OBJECT_CONVERSION = YES_AGGRESSIVE;
				CLANG_CXX_LANGUAGE_STANDARD = "gnu++14";
				CLANG_CXX_LIBRARY = "libc++";
				CLANG_ENABLE_MODULES = YES;
				CLANG_ENABLE_OBJC_ARC = YES;
				CLANG_ENABLE_OBJC_WEAK = YES;
				CLANG_WARN_BLOCK_CAPTURE_AUTORELEASING = YES;
				CLANG_WARN_BOOL_CONVERSION = YES;
				CLANG_WARN_COMMA = YES;
				CLANG_WARN_CONSTANT_CONVERSION = YES;
				CLANG_WARN_DEPRECATED_OBJC_IMPLEMENTATIONS = YES;
				CLANG_WARN_DIRECT_OBJC_ISA_USAGE = YES_ERROR;
				CLANG_WARN_DOCUMENTATION_COMMENTS = YES;
				CLANG_WARN_EMPTY_BODY = YES;
				CLANG_WARN_ENUM_CONVERSION = YES;
				CLANG_WARN_INFINITE_RECURSION = YES;
				CLANG_WARN_INT_CONVERSION = YES;
				CLANG_WARN_NON_LITERAL_NULL_CONVERSION = YES;
				CLANG_WARN_OBJC_IMPLICIT_RETAIN_SELF = YES;
				CLANG_WARN_OBJC_LITERAL_CONVERSION = YES;
				CLANG_WARN_OBJC_ROOT_CLASS = YES_ERROR;
				CLANG_WARN_RANGE_LOOP_ANALYSIS = YES;
				CLANG_WARN_STRICT_PROTOTYPES = YES;
				CLANG_WARN_SUSPICIOUS_MOVE = YES;
				CLANG_WARN_UNGUARDED_AVAILABILITY = YES_AGGRESSIVE;
				CLANG_WARN_UNREACHABLE_CODE = YES;
				CLANG_WARN__DUPLICATE_METHOD_MATCH = YES;
				COPY_PHASE_STRIP = NO;
				DEBUG_INFORMATION_FORMAT = dwarf;
				ENABLE_STRICT_OBJC_MSGSEND = YES;
				ENABLE_TESTABILITY = YES;
				GCC_C_LANGUAGE_STANDARD = gnu11;
				GCC_DYNAMIC_NO_PIC = NO;
				GCC_NO_COMMON_BLOCKS = YES;
				GCC_OPTIMIZATION_LEVEL = 0;
				GCC_PREPROCESSOR_DEFINITIONS = (
					"DEBUG=1",
					"$(inherited)",
				);
				GCC_WARN_64_TO_32_BIT_CONVERSION = YES;
				GCC_WARN_ABOUT_RETURN_TYPE = YES_ERROR;
				GCC_WARN_UNDECLARED_SELECTOR = YES;
				GCC_WARN_UNINITIALIZED_AUTOS = YES_AGGRESSIVE;
				GCC_WARN_UNUSED_FUNCTION = YES;
				GCC_WARN_UNUSED_VARIABLE = YES;
				IPHONEOS_DEPLOYMENT_TARGET = 12.0;
				MTL_ENABLE_DEBUG_INFO = INCLUDE_SOURCE;
				MTL_FAST_MATH = YES;
				ONLY_ACTIVE_ARCH = YES;
				SDKROOT = iphoneos;
				SWIFT_ACTIVE_COMPILATION_CONDITIONS = DEBUG;
				SWIFT_OPTIMIZATION_LEVEL = "-Onone";
			};
			name = Debug;
		};
		DE71C65E238AF73A00AA22A9 /* Release */ = {
			isa = XCBuildConfiguration;
			buildSettings = {
				ALWAYS_SEARCH_USER_PATHS = NO;
				CLANG_ANALYZER_NONNULL = YES;
				CLANG_ANALYZER_NUMBER_OBJECT_CONVERSION = YES_AGGRESSIVE;
				CLANG_CXX_LANGUAGE_STANDARD = "gnu++14";
				CLANG_CXX_LIBRARY = "libc++";
				CLANG_ENABLE_MODULES = YES;
				CLANG_ENABLE_OBJC_ARC = YES;
				CLANG_ENABLE_OBJC_WEAK = YES;
				CLANG_WARN_BLOCK_CAPTURE_AUTORELEASING = YES;
				CLANG_WARN_BOOL_CONVERSION = YES;
				CLANG_WARN_COMMA = YES;
				CLANG_WARN_CONSTANT_CONVERSION = YES;
				CLANG_WARN_DEPRECATED_OBJC_IMPLEMENTATIONS = YES;
				CLANG_WARN_DIRECT_OBJC_ISA_USAGE = YES_ERROR;
				CLANG_WARN_DOCUMENTATION_COMMENTS = YES;
				CLANG_WARN_EMPTY_BODY = YES;
				CLANG_WARN_ENUM_CONVERSION = YES;
				CLANG_WARN_INFINITE_RECURSION = YES;
				CLANG_WARN_INT_CONVERSION = YES;
				CLANG_WARN_NON_LITERAL_NULL_CONVERSION = YES;
				CLANG_WARN_OBJC_IMPLICIT_RETAIN_SELF = YES;
				CLANG_WARN_OBJC_LITERAL_CONVERSION = YES;
				CLANG_WARN_OBJC_ROOT_CLASS = YES_ERROR;
				CLANG_WARN_RANGE_LOOP_ANALYSIS = YES;
				CLANG_WARN_STRICT_PROTOTYPES = YES;
				CLANG_WARN_SUSPICIOUS_MOVE = YES;
				CLANG_WARN_UNGUARDED_AVAILABILITY = YES_AGGRESSIVE;
				CLANG_WARN_UNREACHABLE_CODE = YES;
				CLANG_WARN__DUPLICATE_METHOD_MATCH = YES;
				COPY_PHASE_STRIP = NO;
				DEBUG_INFORMATION_FORMAT = "dwarf-with-dsym";
				ENABLE_NS_ASSERTIONS = NO;
				ENABLE_STRICT_OBJC_MSGSEND = YES;
				GCC_C_LANGUAGE_STANDARD = gnu11;
				GCC_NO_COMMON_BLOCKS = YES;
				GCC_WARN_64_TO_32_BIT_CONVERSION = YES;
				GCC_WARN_ABOUT_RETURN_TYPE = YES_ERROR;
				GCC_WARN_UNDECLARED_SELECTOR = YES;
				GCC_WARN_UNINITIALIZED_AUTOS = YES_AGGRESSIVE;
				GCC_WARN_UNUSED_FUNCTION = YES;
				GCC_WARN_UNUSED_VARIABLE = YES;
				IPHONEOS_DEPLOYMENT_TARGET = 12.0;
				MTL_ENABLE_DEBUG_INFO = NO;
				MTL_FAST_MATH = YES;
				SDKROOT = iphoneos;
				SWIFT_COMPILATION_MODE = wholemodule;
				SWIFT_OPTIMIZATION_LEVEL = "-O";
				VALIDATE_PRODUCT = YES;
			};
			name = Release;
		};
		DE71C660238AF73A00AA22A9 /* Debug */ = {
			isa = XCBuildConfiguration;
			buildSettings = {
				ASSETCATALOG_COMPILER_APPICON_NAME = AppIcon;
				CODE_SIGN_STYLE = Automatic;
				DEVELOPMENT_TEAM = 8852FM5HMX;
				INFOPLIST_FILE = pickerView_EXAMPLE/Info.plist;
				LD_RUNPATH_SEARCH_PATHS = (
					"$(inherited)",
					"@executable_path/Frameworks",
				);
				PRODUCT_BUNDLE_IDENTIFIER = "uk.co.seeg.pickerView-EXAMPLE";
				PRODUCT_NAME = "$(TARGET_NAME)";
				SWIFT_VERSION = 5.0;
				TARGETED_DEVICE_FAMILY = "1,2";
			};
			name = Debug;
		};
		DE71C661238AF73A00AA22A9 /* Release */ = {
			isa = XCBuildConfiguration;
			buildSettings = {
				ASSETCATALOG_COMPILER_APPICON_NAME = AppIcon;
				CODE_SIGN_STYLE = Automatic;
				DEVELOPMENT_TEAM = 8852FM5HMX;
				INFOPLIST_FILE = pickerView_EXAMPLE/Info.plist;
				LD_RUNPATH_SEARCH_PATHS = (
					"$(inherited)",
					"@executable_path/Frameworks",
				);
				PRODUCT_BUNDLE_IDENTIFIER = "uk.co.seeg.pickerView-EXAMPLE";
				PRODUCT_NAME = "$(TARGET_NAME)";
				SWIFT_VERSION = 5.0;
				TARGETED_DEVICE_FAMILY = "1,2";
			};
			name = Release;
		};
/* End XCBuildConfiguration section */

/* Begin XCConfigurationList section */
		DE71C646238AF73900AA22A9 /* Build configuration list for PBXProject "pickerView_EXAMPLE" */ = {
			isa = XCConfigurationList;
			buildConfigurations = (
				DE71C65D238AF73A00AA22A9 /* Debug */,
				DE71C65E238AF73A00AA22A9 /* Release */,
			);
			defaultConfigurationIsVisible = 0;
			defaultConfigurationName = Release;
		};
		DE71C65F238AF73A00AA22A9 /* Build configuration list for PBXNativeTarget "pickerView_EXAMPLE" */ = {
			isa = XCConfigurationList;
			buildConfigurations = (
				DE71C660238AF73A00AA22A9 /* Debug */,
				DE71C661238AF73A00AA22A9 /* Release */,
			);
			defaultConfigurationIsVisible = 0;
			defaultConfigurationName = Release;
		};
/* End XCConfigurationList section */
	};
	rootObject = DE71C643238AF73900AA22A9 /* Project object */;
}
